
Microsoft Visual Studio Solution File, Format Version 12.00
# Visual Studio Version 17
VisualStudioVersion = 17.5.002.0
MinimumVisualStudioVersion = 10.0.40219.1
Project("{2150E333-8FDC-42A3-9474-1A3956D46DE8}") = "2023", "2023", "{67B06004-45AB-4CF3-90BC-040EBD29C43D}"
EndProject
Project("{9A19103F-16F7-4668-BE54-9A1E7A4F7556}") = "01", "2023\01\01.csproj", "{F8314884-0410-4BEE-8ADF-5A5442125B2D}"
EndProject
Global
	GlobalSection(SolutionConfigurationPlatforms) = preSolution
		Debug|Any CPU = Debug|Any CPU
		Release|Any CPU = Release|Any CPU
	EndGlobalSection
	GlobalSection(ProjectConfigurationPlatforms) = postSolution
		{F8314884-0410-4BEE-8ADF-5A5442125B2D}.Debug|Any CPU.ActiveCfg = Debug|Any CPU
		{F8314884-0410-4BEE-8ADF-5A5442125B2D}.Debug|Any CPU.Build.0 = Debug|Any CPU
		{F8314884-0410-4BEE-8ADF-5A5442125B2D}.Release|Any CPU.ActiveCfg = Release|Any CPU
		{F8314884-0410-4BEE-8ADF-5A5442125B2D}.Release|Any CPU.Build.0 = Release|Any CPU
	EndGlobalSection
	GlobalSection(SolutionProperties) = preSolution
		HideSolutionNode = FALSE
	EndGlobalSection
	GlobalSection(NestedProjects) = preSolution
		{F8314884-0410-4BEE-8ADF-5A5442125B2D} = {67B06004-45AB-4CF3-90BC-040EBD29C43D}
	EndGlobalSection
	GlobalSection(ExtensibilityGlobals) = postSolution
		SolutionGuid = {C5C462F2-FB3E-4737-BB97-303FDF3A2F22}
	EndGlobalSection
EndGlobal
