
Microsoft Visual Studio Solution File, Format Version 12.00
# Visual Studio Version 17
VisualStudioVersion = 17.5.002.0
MinimumVisualStudioVersion = 10.0.40219.1
Project("{2150E333-8FDC-42A3-9474-1A3956D46DE8}") = "2023", "2023", "{67B06004-45AB-4CF3-90BC-040EBD29C43D}"
EndProject
Project("{9A19103F-16F7-4668-BE54-9A1E7A4F7556}") = "Part2", "2023\01\Part2\Part2.csproj", "{F8314884-0410-4BEE-8ADF-5A5442125B2D}"
EndProject
Project("{2150E333-8FDC-42A3-9474-1A3956D46DE8}") = "2024", "2024", "{2C1A74AD-080B-4261-8479-5F7EA7961382}"
EndProject
Project("{2150E333-8FDC-42A3-9474-1A3956D46DE8}") = "01", "01", "{4B3EB20A-5670-4FCA-BA33-EF4524355AF9}"
EndProject
Project("{2150E333-8FDC-42A3-9474-1A3956D46DE8}") = "02", "02", "{D95EDFCB-0C8A-48D6-AC8F-C0B7F7F62734}"
EndProject
Project("{FAE04EC0-301F-11D3-BF4B-00C04F79EFBC}") = "Part1", "2023\02\Part1\Part1.csproj", "{C9D1C4A2-0EBF-4AAC-B18C-2D7485668DF4}"
EndProject
Project("{FAE04EC0-301F-11D3-BF4B-00C04F79EFBC}") = "Part2", "2023\02\Part2\Part2.csproj", "{3D998F41-4889-40F9-8186-B8D204172042}"
EndProject
Project("{2150E333-8FDC-42A3-9474-1A3956D46DE8}") = "03", "03", "{B75BA3C2-F9A9-45F8-967F-DAED86C28AF7}"
EndProject
Project("{FAE04EC0-301F-11D3-BF4B-00C04F79EFBC}") = "Part1", "2023\03\Part1\Part1.csproj", "{954D9E43-9625-47A3-9841-A8D889414459}"
EndProject
Project("{FAE04EC0-301F-11D3-BF4B-00C04F79EFBC}") = "Part2", "2023\03\Part2\Part2.csproj", "{E1BDC220-217F-4336-BD4F-705C1E777CAB}"
EndProject
Project("{2150E333-8FDC-42A3-9474-1A3956D46DE8}") = "04", "04", "{7ED78AF0-6E6A-4797-B753-3C6B87235879}"
EndProject
Project("{FAE04EC0-301F-11D3-BF4B-00C04F79EFBC}") = "Part1", "2023\04\Part1\Part1.csproj", "{1BCCF2C1-0562-4637-BAC8-74220D85B37D}"
EndProject
Project("{FAE04EC0-301F-11D3-BF4B-00C04F79EFBC}") = "Part2", "2023\04\Part2\Part2.csproj", "{FB4D2D90-E0C2-49D7-B6EB-67DA09551896}"
EndProject
Project("{2150E333-8FDC-42A3-9474-1A3956D46DE8}") = "05", "05", "{31778B1B-8E30-4F76-ACB3-D1BD304123B4}"
EndProject
Project("{FAE04EC0-301F-11D3-BF4B-00C04F79EFBC}") = "Part1", "2023\05\Part1\Part1.csproj", "{A07497A5-3B31-4173-BF25-DD2AE93B4D55}"
EndProject
Project("{FAE04EC0-301F-11D3-BF4B-00C04F79EFBC}") = "Part2", "2023\05\Part2\Part2.csproj", "{B6DD75A6-2A87-4A02-845E-0C6405C5E32B}"
EndProject
Project("{2150E333-8FDC-42A3-9474-1A3956D46DE8}") = "06", "06", "{0ADFC8A3-5298-4EAA-9268-C5D14E135196}"
EndProject
Project("{FAE04EC0-301F-11D3-BF4B-00C04F79EFBC}") = "Part1", "2023\06\Part1\Part1.csproj", "{7AE74F49-3B31-4346-93D3-C33FC416D8B8}"
EndProject
Project("{FAE04EC0-301F-11D3-BF4B-00C04F79EFBC}") = "Part2", "2023\06\Part2\Part2.csproj", "{F8AB0921-A9AD-4923-A3D6-D50F80984DC6}"
EndProject
Project("{2150E333-8FDC-42A3-9474-1A3956D46DE8}") = "08", "08", "{21D471FC-FBEF-49E0-A65C-6EB091B18F33}"
EndProject
Project("{2150E333-8FDC-42A3-9474-1A3956D46DE8}") = "07", "07", "{48033268-7192-4E8A-BA11-2A98D2D3623E}"
EndProject
Project("{2150E333-8FDC-42A3-9474-1A3956D46DE8}") = "09", "09", "{8FF85054-D666-4DAF-A940-3A2F26886D4A}"
EndProject
Project("{FAE04EC0-301F-11D3-BF4B-00C04F79EFBC}") = "Part1", "2023\07\Part1\Part1.csproj", "{0D43F16E-9E71-42C2-B52B-DFC6F4700308}"
EndProject
Project("{FAE04EC0-301F-11D3-BF4B-00C04F79EFBC}") = "Part2", "2023\07\Part2\Part2.csproj", "{0162216D-324F-41BC-8EEF-71E487F5A69B}"
EndProject
Project("{FAE04EC0-301F-11D3-BF4B-00C04F79EFBC}") = "Part1", "2023\08\Part1\Part1.csproj", "{AD67C971-CBC1-43D0-A928-51DA67EB3F67}"
EndProject
Project("{FAE04EC0-301F-11D3-BF4B-00C04F79EFBC}") = "Part2", "2023\08\Part2\Part2.csproj", "{DD94B878-19F4-402D-8AF6-9D1FCFBFB488}"
EndProject
Project("{FAE04EC0-301F-11D3-BF4B-00C04F79EFBC}") = "Part1", "2023\09\Part1\Part1.csproj", "{A27E93CF-DD25-44BF-B042-9B76CA5D33EC}"
EndProject
Project("{FAE04EC0-301F-11D3-BF4B-00C04F79EFBC}") = "Part2", "2023\09\Part2\Part2.csproj", "{C4D0F69D-1B91-4B45-A542-3327E7F719F0}"
EndProject
Project("{2150E333-8FDC-42A3-9474-1A3956D46DE8}") = "01", "01", "{EA0DCA2B-73EA-4528-B9CA-A1C75962503C}"
EndProject
Project("{FAE04EC0-301F-11D3-BF4B-00C04F79EFBC}") = "Part1", "2024\01\Part1\Part1.csproj", "{36AED326-1574-422A-B054-EB12D56A8144}"
EndProject
Project("{FAE04EC0-301F-11D3-BF4B-00C04F79EFBC}") = "Part2", "2024\01\Part2\Part2.csproj", "{54513FA1-DE3D-46CC-85EC-1B2882017DA2}"
EndProject
Project("{2150E333-8FDC-42A3-9474-1A3956D46DE8}") = "02", "02", "{CBF409D9-4D67-4368-954B-349DEF8BF0F8}"
EndProject
Project("{FAE04EC0-301F-11D3-BF4B-00C04F79EFBC}") = "Part1", "2024\02\Part1\Part1.csproj", "{A0D16B11-5877-4E37-9A48-C8AB6B703006}"
EndProject
Project("{FAE04EC0-301F-11D3-BF4B-00C04F79EFBC}") = "Part2", "2024\02\Part2\Part2.csproj", "{9937DDE6-7D6B-4D8B-819E-B1DFC492C117}"
EndProject
Project("{2150E333-8FDC-42A3-9474-1A3956D46DE8}") = "03", "03", "{BAACAE80-1A6C-47D4-B6D0-58AC17E31372}"
EndProject
Project("{FAE04EC0-301F-11D3-BF4B-00C04F79EFBC}") = "Part1", "2024\03\Part1\Part1.csproj", "{C0B6C139-0AE6-4858-8B03-AFD273643FD9}"
EndProject
Project("{FAE04EC0-301F-11D3-BF4B-00C04F79EFBC}") = "Part2", "2024\03\Part2\Part2.csproj", "{7B1AFE1F-1BDA-4A39-9158-F837D91C616C}"
EndProject
Project("{2150E333-8FDC-42A3-9474-1A3956D46DE8}") = "04", "04", "{F03D225E-11CE-41A3-9E0A-7B7B66E0A535}"
EndProject
Project("{FAE04EC0-301F-11D3-BF4B-00C04F79EFBC}") = "Part1", "2024\04\Part1\Part1.csproj", "{2F7A0C52-037B-4424-8E27-7EB5D3B18222}"
EndProject
Project("{FAE04EC0-301F-11D3-BF4B-00C04F79EFBC}") = "Part2", "2024\04\Part2\Part2.csproj", "{55893A7D-9144-4BE4-BDBF-5C8111B7CF84}"
EndProject
Project("{2150E333-8FDC-42A3-9474-1A3956D46DE8}") = "05", "05", "{E2D75733-6E56-41D7-AB60-531AB715F799}"
EndProject
Project("{FAE04EC0-301F-11D3-BF4B-00C04F79EFBC}") = "Part1", "2024\05\Part1\Part1.csproj", "{0473BD5B-9884-4B35-92F2-F65628906D80}"
EndProject
Global
	GlobalSection(SolutionConfigurationPlatforms) = preSolution
		Debug|Any CPU = Debug|Any CPU
		Release|Any CPU = Release|Any CPU
	EndGlobalSection
	GlobalSection(ProjectConfigurationPlatforms) = postSolution
		{F8314884-0410-4BEE-8ADF-5A5442125B2D}.Debug|Any CPU.ActiveCfg = Debug|Any CPU
		{F8314884-0410-4BEE-8ADF-5A5442125B2D}.Debug|Any CPU.Build.0 = Debug|Any CPU
		{F8314884-0410-4BEE-8ADF-5A5442125B2D}.Release|Any CPU.ActiveCfg = Release|Any CPU
		{F8314884-0410-4BEE-8ADF-5A5442125B2D}.Release|Any CPU.Build.0 = Release|Any CPU
		{C9D1C4A2-0EBF-4AAC-B18C-2D7485668DF4}.Debug|Any CPU.ActiveCfg = Debug|Any CPU
		{C9D1C4A2-0EBF-4AAC-B18C-2D7485668DF4}.Debug|Any CPU.Build.0 = Debug|Any CPU
		{C9D1C4A2-0EBF-4AAC-B18C-2D7485668DF4}.Release|Any CPU.ActiveCfg = Release|Any CPU
		{C9D1C4A2-0EBF-4AAC-B18C-2D7485668DF4}.Release|Any CPU.Build.0 = Release|Any CPU
		{3D998F41-4889-40F9-8186-B8D204172042}.Debug|Any CPU.ActiveCfg = Debug|Any CPU
		{3D998F41-4889-40F9-8186-B8D204172042}.Debug|Any CPU.Build.0 = Debug|Any CPU
		{3D998F41-4889-40F9-8186-B8D204172042}.Release|Any CPU.ActiveCfg = Release|Any CPU
		{3D998F41-4889-40F9-8186-B8D204172042}.Release|Any CPU.Build.0 = Release|Any CPU
		{954D9E43-9625-47A3-9841-A8D889414459}.Debug|Any CPU.ActiveCfg = Debug|Any CPU
		{954D9E43-9625-47A3-9841-A8D889414459}.Debug|Any CPU.Build.0 = Debug|Any CPU
		{954D9E43-9625-47A3-9841-A8D889414459}.Release|Any CPU.ActiveCfg = Release|Any CPU
		{954D9E43-9625-47A3-9841-A8D889414459}.Release|Any CPU.Build.0 = Release|Any CPU
		{E1BDC220-217F-4336-BD4F-705C1E777CAB}.Debug|Any CPU.ActiveCfg = Debug|Any CPU
		{E1BDC220-217F-4336-BD4F-705C1E777CAB}.Debug|Any CPU.Build.0 = Debug|Any CPU
		{E1BDC220-217F-4336-BD4F-705C1E777CAB}.Release|Any CPU.ActiveCfg = Release|Any CPU
		{E1BDC220-217F-4336-BD4F-705C1E777CAB}.Release|Any CPU.Build.0 = Release|Any CPU
		{1BCCF2C1-0562-4637-BAC8-74220D85B37D}.Debug|Any CPU.ActiveCfg = Debug|Any CPU
		{1BCCF2C1-0562-4637-BAC8-74220D85B37D}.Debug|Any CPU.Build.0 = Debug|Any CPU
		{1BCCF2C1-0562-4637-BAC8-74220D85B37D}.Release|Any CPU.ActiveCfg = Release|Any CPU
		{1BCCF2C1-0562-4637-BAC8-74220D85B37D}.Release|Any CPU.Build.0 = Release|Any CPU
		{FB4D2D90-E0C2-49D7-B6EB-67DA09551896}.Debug|Any CPU.ActiveCfg = Debug|Any CPU
		{FB4D2D90-E0C2-49D7-B6EB-67DA09551896}.Debug|Any CPU.Build.0 = Debug|Any CPU
		{FB4D2D90-E0C2-49D7-B6EB-67DA09551896}.Release|Any CPU.ActiveCfg = Release|Any CPU
		{FB4D2D90-E0C2-49D7-B6EB-67DA09551896}.Release|Any CPU.Build.0 = Release|Any CPU
		{A07497A5-3B31-4173-BF25-DD2AE93B4D55}.Debug|Any CPU.ActiveCfg = Debug|Any CPU
		{A07497A5-3B31-4173-BF25-DD2AE93B4D55}.Debug|Any CPU.Build.0 = Debug|Any CPU
		{A07497A5-3B31-4173-BF25-DD2AE93B4D55}.Release|Any CPU.ActiveCfg = Release|Any CPU
		{A07497A5-3B31-4173-BF25-DD2AE93B4D55}.Release|Any CPU.Build.0 = Release|Any CPU
		{B6DD75A6-2A87-4A02-845E-0C6405C5E32B}.Debug|Any CPU.ActiveCfg = Debug|Any CPU
		{B6DD75A6-2A87-4A02-845E-0C6405C5E32B}.Debug|Any CPU.Build.0 = Debug|Any CPU
		{B6DD75A6-2A87-4A02-845E-0C6405C5E32B}.Release|Any CPU.ActiveCfg = Release|Any CPU
		{B6DD75A6-2A87-4A02-845E-0C6405C5E32B}.Release|Any CPU.Build.0 = Release|Any CPU
		{7AE74F49-3B31-4346-93D3-C33FC416D8B8}.Debug|Any CPU.ActiveCfg = Debug|Any CPU
		{7AE74F49-3B31-4346-93D3-C33FC416D8B8}.Debug|Any CPU.Build.0 = Debug|Any CPU
		{7AE74F49-3B31-4346-93D3-C33FC416D8B8}.Release|Any CPU.ActiveCfg = Release|Any CPU
		{7AE74F49-3B31-4346-93D3-C33FC416D8B8}.Release|Any CPU.Build.0 = Release|Any CPU
		{F8AB0921-A9AD-4923-A3D6-D50F80984DC6}.Debug|Any CPU.ActiveCfg = Debug|Any CPU
		{F8AB0921-A9AD-4923-A3D6-D50F80984DC6}.Debug|Any CPU.Build.0 = Debug|Any CPU
		{F8AB0921-A9AD-4923-A3D6-D50F80984DC6}.Release|Any CPU.ActiveCfg = Release|Any CPU
		{F8AB0921-A9AD-4923-A3D6-D50F80984DC6}.Release|Any CPU.Build.0 = Release|Any CPU
		{0D43F16E-9E71-42C2-B52B-DFC6F4700308}.Debug|Any CPU.ActiveCfg = Debug|Any CPU
		{0D43F16E-9E71-42C2-B52B-DFC6F4700308}.Debug|Any CPU.Build.0 = Debug|Any CPU
		{0D43F16E-9E71-42C2-B52B-DFC6F4700308}.Release|Any CPU.ActiveCfg = Release|Any CPU
		{0D43F16E-9E71-42C2-B52B-DFC6F4700308}.Release|Any CPU.Build.0 = Release|Any CPU
		{0162216D-324F-41BC-8EEF-71E487F5A69B}.Debug|Any CPU.ActiveCfg = Debug|Any CPU
		{0162216D-324F-41BC-8EEF-71E487F5A69B}.Debug|Any CPU.Build.0 = Debug|Any CPU
		{0162216D-324F-41BC-8EEF-71E487F5A69B}.Release|Any CPU.ActiveCfg = Release|Any CPU
		{0162216D-324F-41BC-8EEF-71E487F5A69B}.Release|Any CPU.Build.0 = Release|Any CPU
		{AD67C971-CBC1-43D0-A928-51DA67EB3F67}.Debug|Any CPU.ActiveCfg = Debug|Any CPU
		{AD67C971-CBC1-43D0-A928-51DA67EB3F67}.Debug|Any CPU.Build.0 = Debug|Any CPU
		{AD67C971-CBC1-43D0-A928-51DA67EB3F67}.Release|Any CPU.ActiveCfg = Release|Any CPU
		{AD67C971-CBC1-43D0-A928-51DA67EB3F67}.Release|Any CPU.Build.0 = Release|Any CPU
		{DD94B878-19F4-402D-8AF6-9D1FCFBFB488}.Debug|Any CPU.ActiveCfg = Debug|Any CPU
		{DD94B878-19F4-402D-8AF6-9D1FCFBFB488}.Debug|Any CPU.Build.0 = Debug|Any CPU
		{DD94B878-19F4-402D-8AF6-9D1FCFBFB488}.Release|Any CPU.ActiveCfg = Release|Any CPU
		{DD94B878-19F4-402D-8AF6-9D1FCFBFB488}.Release|Any CPU.Build.0 = Release|Any CPU
		{A27E93CF-DD25-44BF-B042-9B76CA5D33EC}.Debug|Any CPU.ActiveCfg = Debug|Any CPU
		{A27E93CF-DD25-44BF-B042-9B76CA5D33EC}.Debug|Any CPU.Build.0 = Debug|Any CPU
		{A27E93CF-DD25-44BF-B042-9B76CA5D33EC}.Release|Any CPU.ActiveCfg = Release|Any CPU
		{A27E93CF-DD25-44BF-B042-9B76CA5D33EC}.Release|Any CPU.Build.0 = Release|Any CPU
		{C4D0F69D-1B91-4B45-A542-3327E7F719F0}.Debug|Any CPU.ActiveCfg = Debug|Any CPU
		{C4D0F69D-1B91-4B45-A542-3327E7F719F0}.Debug|Any CPU.Build.0 = Debug|Any CPU
		{C4D0F69D-1B91-4B45-A542-3327E7F719F0}.Release|Any CPU.ActiveCfg = Release|Any CPU
		{C4D0F69D-1B91-4B45-A542-3327E7F719F0}.Release|Any CPU.Build.0 = Release|Any CPU
		{36AED326-1574-422A-B054-EB12D56A8144}.Debug|Any CPU.ActiveCfg = Debug|Any CPU
		{36AED326-1574-422A-B054-EB12D56A8144}.Debug|Any CPU.Build.0 = Debug|Any CPU
		{36AED326-1574-422A-B054-EB12D56A8144}.Release|Any CPU.ActiveCfg = Release|Any CPU
		{36AED326-1574-422A-B054-EB12D56A8144}.Release|Any CPU.Build.0 = Release|Any CPU
		{54513FA1-DE3D-46CC-85EC-1B2882017DA2}.Debug|Any CPU.ActiveCfg = Debug|Any CPU
		{54513FA1-DE3D-46CC-85EC-1B2882017DA2}.Debug|Any CPU.Build.0 = Debug|Any CPU
		{54513FA1-DE3D-46CC-85EC-1B2882017DA2}.Release|Any CPU.ActiveCfg = Release|Any CPU
		{54513FA1-DE3D-46CC-85EC-1B2882017DA2}.Release|Any CPU.Build.0 = Release|Any CPU
		{A0D16B11-5877-4E37-9A48-C8AB6B703006}.Debug|Any CPU.ActiveCfg = Debug|Any CPU
		{A0D16B11-5877-4E37-9A48-C8AB6B703006}.Debug|Any CPU.Build.0 = Debug|Any CPU
		{A0D16B11-5877-4E37-9A48-C8AB6B703006}.Release|Any CPU.ActiveCfg = Release|Any CPU
		{A0D16B11-5877-4E37-9A48-C8AB6B703006}.Release|Any CPU.Build.0 = Release|Any CPU
		{9937DDE6-7D6B-4D8B-819E-B1DFC492C117}.Debug|Any CPU.ActiveCfg = Debug|Any CPU
		{9937DDE6-7D6B-4D8B-819E-B1DFC492C117}.Debug|Any CPU.Build.0 = Debug|Any CPU
		{9937DDE6-7D6B-4D8B-819E-B1DFC492C117}.Release|Any CPU.ActiveCfg = Release|Any CPU
		{9937DDE6-7D6B-4D8B-819E-B1DFC492C117}.Release|Any CPU.Build.0 = Release|Any CPU
		{C0B6C139-0AE6-4858-8B03-AFD273643FD9}.Debug|Any CPU.ActiveCfg = Debug|Any CPU
		{C0B6C139-0AE6-4858-8B03-AFD273643FD9}.Debug|Any CPU.Build.0 = Debug|Any CPU
		{C0B6C139-0AE6-4858-8B03-AFD273643FD9}.Release|Any CPU.ActiveCfg = Release|Any CPU
		{C0B6C139-0AE6-4858-8B03-AFD273643FD9}.Release|Any CPU.Build.0 = Release|Any CPU
		{7B1AFE1F-1BDA-4A39-9158-F837D91C616C}.Debug|Any CPU.ActiveCfg = Debug|Any CPU
		{7B1AFE1F-1BDA-4A39-9158-F837D91C616C}.Debug|Any CPU.Build.0 = Debug|Any CPU
		{7B1AFE1F-1BDA-4A39-9158-F837D91C616C}.Release|Any CPU.ActiveCfg = Release|Any CPU
		{7B1AFE1F-1BDA-4A39-9158-F837D91C616C}.Release|Any CPU.Build.0 = Release|Any CPU
		{2F7A0C52-037B-4424-8E27-7EB5D3B18222}.Debug|Any CPU.ActiveCfg = Debug|Any CPU
		{2F7A0C52-037B-4424-8E27-7EB5D3B18222}.Debug|Any CPU.Build.0 = Debug|Any CPU
		{2F7A0C52-037B-4424-8E27-7EB5D3B18222}.Release|Any CPU.ActiveCfg = Release|Any CPU
		{2F7A0C52-037B-4424-8E27-7EB5D3B18222}.Release|Any CPU.Build.0 = Release|Any CPU
		{55893A7D-9144-4BE4-BDBF-5C8111B7CF84}.Debug|Any CPU.ActiveCfg = Debug|Any CPU
		{55893A7D-9144-4BE4-BDBF-5C8111B7CF84}.Debug|Any CPU.Build.0 = Debug|Any CPU
		{55893A7D-9144-4BE4-BDBF-5C8111B7CF84}.Release|Any CPU.ActiveCfg = Release|Any CPU
		{55893A7D-9144-4BE4-BDBF-5C8111B7CF84}.Release|Any CPU.Build.0 = Release|Any CPU
		{0473BD5B-9884-4B35-92F2-F65628906D80}.Debug|Any CPU.ActiveCfg = Debug|Any CPU
		{0473BD5B-9884-4B35-92F2-F65628906D80}.Debug|Any CPU.Build.0 = Debug|Any CPU
		{0473BD5B-9884-4B35-92F2-F65628906D80}.Release|Any CPU.ActiveCfg = Release|Any CPU
		{0473BD5B-9884-4B35-92F2-F65628906D80}.Release|Any CPU.Build.0 = Release|Any CPU
	EndGlobalSection
	GlobalSection(SolutionProperties) = preSolution
		HideSolutionNode = FALSE
	EndGlobalSection
	GlobalSection(NestedProjects) = preSolution
		{4B3EB20A-5670-4FCA-BA33-EF4524355AF9} = {67B06004-45AB-4CF3-90BC-040EBD29C43D}
		{F8314884-0410-4BEE-8ADF-5A5442125B2D} = {4B3EB20A-5670-4FCA-BA33-EF4524355AF9}
		{D95EDFCB-0C8A-48D6-AC8F-C0B7F7F62734} = {67B06004-45AB-4CF3-90BC-040EBD29C43D}
		{C9D1C4A2-0EBF-4AAC-B18C-2D7485668DF4} = {D95EDFCB-0C8A-48D6-AC8F-C0B7F7F62734}
		{3D998F41-4889-40F9-8186-B8D204172042} = {D95EDFCB-0C8A-48D6-AC8F-C0B7F7F62734}
		{B75BA3C2-F9A9-45F8-967F-DAED86C28AF7} = {67B06004-45AB-4CF3-90BC-040EBD29C43D}
		{954D9E43-9625-47A3-9841-A8D889414459} = {B75BA3C2-F9A9-45F8-967F-DAED86C28AF7}
		{E1BDC220-217F-4336-BD4F-705C1E777CAB} = {B75BA3C2-F9A9-45F8-967F-DAED86C28AF7}
		{7ED78AF0-6E6A-4797-B753-3C6B87235879} = {67B06004-45AB-4CF3-90BC-040EBD29C43D}
		{1BCCF2C1-0562-4637-BAC8-74220D85B37D} = {7ED78AF0-6E6A-4797-B753-3C6B87235879}
		{FB4D2D90-E0C2-49D7-B6EB-67DA09551896} = {7ED78AF0-6E6A-4797-B753-3C6B87235879}
		{31778B1B-8E30-4F76-ACB3-D1BD304123B4} = {67B06004-45AB-4CF3-90BC-040EBD29C43D}
		{A07497A5-3B31-4173-BF25-DD2AE93B4D55} = {31778B1B-8E30-4F76-ACB3-D1BD304123B4}
		{B6DD75A6-2A87-4A02-845E-0C6405C5E32B} = {31778B1B-8E30-4F76-ACB3-D1BD304123B4}
		{0ADFC8A3-5298-4EAA-9268-C5D14E135196} = {67B06004-45AB-4CF3-90BC-040EBD29C43D}
		{7AE74F49-3B31-4346-93D3-C33FC416D8B8} = {0ADFC8A3-5298-4EAA-9268-C5D14E135196}
		{F8AB0921-A9AD-4923-A3D6-D50F80984DC6} = {0ADFC8A3-5298-4EAA-9268-C5D14E135196}
		{21D471FC-FBEF-49E0-A65C-6EB091B18F33} = {67B06004-45AB-4CF3-90BC-040EBD29C43D}
		{48033268-7192-4E8A-BA11-2A98D2D3623E} = {67B06004-45AB-4CF3-90BC-040EBD29C43D}
		{8FF85054-D666-4DAF-A940-3A2F26886D4A} = {67B06004-45AB-4CF3-90BC-040EBD29C43D}
		{0D43F16E-9E71-42C2-B52B-DFC6F4700308} = {48033268-7192-4E8A-BA11-2A98D2D3623E}
		{0162216D-324F-41BC-8EEF-71E487F5A69B} = {48033268-7192-4E8A-BA11-2A98D2D3623E}
		{AD67C971-CBC1-43D0-A928-51DA67EB3F67} = {21D471FC-FBEF-49E0-A65C-6EB091B18F33}
		{DD94B878-19F4-402D-8AF6-9D1FCFBFB488} = {21D471FC-FBEF-49E0-A65C-6EB091B18F33}
		{A27E93CF-DD25-44BF-B042-9B76CA5D33EC} = {8FF85054-D666-4DAF-A940-3A2F26886D4A}
		{C4D0F69D-1B91-4B45-A542-3327E7F719F0} = {8FF85054-D666-4DAF-A940-3A2F26886D4A}
		{EA0DCA2B-73EA-4528-B9CA-A1C75962503C} = {2C1A74AD-080B-4261-8479-5F7EA7961382}
		{36AED326-1574-422A-B054-EB12D56A8144} = {EA0DCA2B-73EA-4528-B9CA-A1C75962503C}
		{54513FA1-DE3D-46CC-85EC-1B2882017DA2} = {EA0DCA2B-73EA-4528-B9CA-A1C75962503C}
		{CBF409D9-4D67-4368-954B-349DEF8BF0F8} = {2C1A74AD-080B-4261-8479-5F7EA7961382}
		{A0D16B11-5877-4E37-9A48-C8AB6B703006} = {CBF409D9-4D67-4368-954B-349DEF8BF0F8}
		{9937DDE6-7D6B-4D8B-819E-B1DFC492C117} = {CBF409D9-4D67-4368-954B-349DEF8BF0F8}
		{BAACAE80-1A6C-47D4-B6D0-58AC17E31372} = {2C1A74AD-080B-4261-8479-5F7EA7961382}
		{C0B6C139-0AE6-4858-8B03-AFD273643FD9} = {BAACAE80-1A6C-47D4-B6D0-58AC17E31372}
		{7B1AFE1F-1BDA-4A39-9158-F837D91C616C} = {BAACAE80-1A6C-47D4-B6D0-58AC17E31372}
		{F03D225E-11CE-41A3-9E0A-7B7B66E0A535} = {2C1A74AD-080B-4261-8479-5F7EA7961382}
		{2F7A0C52-037B-4424-8E27-7EB5D3B18222} = {F03D225E-11CE-41A3-9E0A-7B7B66E0A535}
		{55893A7D-9144-4BE4-BDBF-5C8111B7CF84} = {F03D225E-11CE-41A3-9E0A-7B7B66E0A535}
		{E2D75733-6E56-41D7-AB60-531AB715F799} = {2C1A74AD-080B-4261-8479-5F7EA7961382}
		{0473BD5B-9884-4B35-92F2-F65628906D80} = {E2D75733-6E56-41D7-AB60-531AB715F799}
	EndGlobalSection
	GlobalSection(ExtensibilityGlobals) = postSolution
		SolutionGuid = {C5C462F2-FB3E-4737-BB97-303FDF3A2F22}
	EndGlobalSection
EndGlobal
